// !$*UTF8*$!
{
	archiveVersion = 1;
	classes = {
	};
	objectVersion = 55;
	objects = {

/* Begin PBXBuildFile section */
		2E7BA14428C9812300B31DE0 /* playSound.swift in Sources */ = {isa = PBXBuildFile; fileRef = 2E7BA14328C9812300B31DE0 /* playSound.swift */; };
		2E9885DB28C209EC00C73C6E /* WordContentView.swift in Sources */ = {isa = PBXBuildFile; fileRef = 2E9885DA28C209EC00C73C6E /* WordContentView.swift */; };
		2E9885E628C20D5800C73C6E /* SearchBar.swift in Sources */ = {isa = PBXBuildFile; fileRef = 2E9885E528C20D5800C73C6E /* SearchBar.swift */; };
		2EFB6F1728BF68AB006FD046 /* MainView.swift in Sources */ = {isa = PBXBuildFile; fileRef = 2EFB6F1628BF68AB006FD046 /* MainView.swift */; };
		2EFB6F1A28BF6AC5006FD046 /* Header.swift in Sources */ = {isa = PBXBuildFile; fileRef = 2EFB6F1928BF6AC5006FD046 /* Header.swift */; };
		2EFB6F2028BF93BF006FD046 /* Wordrow.swift in Sources */ = {isa = PBXBuildFile; fileRef = 2EFB6F1F28BF93BF006FD046 /* Wordrow.swift */; };
		2EFB6F2328BFA9DA006FD046 /* SearchHistory.swift in Sources */ = {isa = PBXBuildFile; fileRef = 2EFB6F2228BFA9DA006FD046 /* SearchHistory.swift */; };
		2EFB6F2728BFC017006FD046 /* WordListHistory.swift in Sources */ = {isa = PBXBuildFile; fileRef = 2EFB6F2628BFC017006FD046 /* WordListHistory.swift */; };
		342C5F9428C9AF4200B6E65E /* InputField.swift in Sources */ = {isa = PBXBuildFile; fileRef = 342C5F9328C9AF4200B6E65E /* InputField.swift */; };
		342C5F9628C9AFAF00B6E65E /* ActionButton.swift in Sources */ = {isa = PBXBuildFile; fileRef = 342C5F9528C9AFAF00B6E65E /* ActionButton.swift */; };
		342C5F9828C9B2A200B6E65E /* Notification.swift in Sources */ = {isa = PBXBuildFile; fileRef = 342C5F9728C9B2A200B6E65E /* Notification.swift */; };
		342C5F9A28C9BB9100B6E65E /* ButtonModifier.swift in Sources */ = {isa = PBXBuildFile; fileRef = 342C5F9928C9BB9100B6E65E /* ButtonModifier.swift */; };
		343318A528C235FC0068A820 /* TextBubble.swift in Sources */ = {isa = PBXBuildFile; fileRef = 343318A428C235FC0068A820 /* TextBubble.swift */; };
		343318A728C2391D0068A820 /* Padding.swift in Sources */ = {isa = PBXBuildFile; fileRef = 343318A628C2391D0068A820 /* Padding.swift */; };
		343318AD28C244590068A820 /* Navigation.swift in Sources */ = {isa = PBXBuildFile; fileRef = 343318AC28C244590068A820 /* Navigation.swift */; };
		343DBE1D28C6044300BB728F /* UserSettingsView.swift in Sources */ = {isa = PBXBuildFile; fileRef = 343DBE1C28C6044300BB728F /* UserSettingsView.swift */; };
		34F62BCF28BF53390052488C /* RegistrationView.swift in Sources */ = {isa = PBXBuildFile; fileRef = 34F62BCE28BF53390052488C /* RegistrationView.swift */; };
		34F62BD328BF5A990052488C /* TextModifier.swift in Sources */ = {isa = PBXBuildFile; fileRef = 34F62BD228BF5A990052488C /* TextModifier.swift */; };
		34F62BD528BF5B1D0052488C /* TextFieldModifier.swift in Sources */ = {isa = PBXBuildFile; fileRef = 34F62BD428BF5B1D0052488C /* TextFieldModifier.swift */; };
		34F62BDF28C082EC0052488C /* SpaceGrotesk-Regular.ttf in Resources */ = {isa = PBXBuildFile; fileRef = 34F62BDE28C082EC0052488C /* SpaceGrotesk-Regular.ttf */; };
		34F62BE128C083C70052488C /* SpaceGrotesk-Medium.ttf in Resources */ = {isa = PBXBuildFile; fileRef = 34F62BE028C083C70052488C /* SpaceGrotesk-Medium.ttf */; };
		34F62BE428C0846C0052488C /* Text.swift in Sources */ = {isa = PBXBuildFile; fileRef = 34F62BE328C0846C0052488C /* Text.swift */; };
		34F62BE628C08AB70052488C /* SpaceGrotesk-SemiBold.ttf in Resources */ = {isa = PBXBuildFile; fileRef = 34F62BE528C08AB70052488C /* SpaceGrotesk-SemiBold.ttf */; };
		5F4E2CDD28CF57FD00BBED23 /* dictionary.json in Resources */ = {isa = PBXBuildFile; fileRef = 5F4E2CDC28CF57FD00BBED23 /* dictionary.json */; };
		5F4E2CE328CF591C00BBED23 /* Lottie in Frameworks */ = {isa = PBXBuildFile; productRef = 5F4E2CE228CF591C00BBED23 /* Lottie */; };
		5F4E2CE528CF59EF00BBED23 /* LottieView.swift in Sources */ = {isa = PBXBuildFile; fileRef = 5F4E2CE428CF59EF00BBED23 /* LottieView.swift */; };
		5FBDA4DF28C4C7CE0078B59F /* ViewRouting.swift in Sources */ = {isa = PBXBuildFile; fileRef = 5FBDA4DE28C4C7CE0078B59F /* ViewRouting.swift */; };
		A464977B28BE4A1E004A5070 /* My_DictionaryApp.swift in Sources */ = {isa = PBXBuildFile; fileRef = A464977A28BE4A1E004A5070 /* My_DictionaryApp.swift */; };
		A464977F28BE4A21004A5070 /* Assets.xcassets in Resources */ = {isa = PBXBuildFile; fileRef = A464977E28BE4A21004A5070 /* Assets.xcassets */; };
		A464978228BE4A21004A5070 /* Preview Assets.xcassets in Resources */ = {isa = PBXBuildFile; fileRef = A464978128BE4A21004A5070 /* Preview Assets.xcassets */; };
		A464978C28BE52C7004A5070 /* UserViewModel.swift in Sources */ = {isa = PBXBuildFile; fileRef = A464978B28BE52C7004A5070 /* UserViewModel.swift */; };
		A464978E28BE52DD004A5070 /* WordViewModel.swift in Sources */ = {isa = PBXBuildFile; fileRef = A464978D28BE52DD004A5070 /* WordViewModel.swift */; };
		A464979028BE532C004A5070 /* User.swift in Sources */ = {isa = PBXBuildFile; fileRef = A464978F28BE532C004A5070 /* User.swift */; };
		A464979228BE533E004A5070 /* Word.swift in Sources */ = {isa = PBXBuildFile; fileRef = A464979128BE533E004A5070 /* Word.swift */; };
		A46BE05D28C0667200BB542E /* Test.swift in Sources */ = {isa = PBXBuildFile; fileRef = A46BE05C28C0667200BB542E /* Test.swift */; };
		A479598B28C2150D0058BEF0 /* PostRequest.swift in Sources */ = {isa = PBXBuildFile; fileRef = A479598A28C2150D0058BEF0 /* PostRequest.swift */; };
		A4A0E02028C30C5F00B40228 /* TodayWord.swift in Sources */ = {isa = PBXBuildFile; fileRef = A4A0E01F28C30C5F00B40228 /* TodayWord.swift */; };
		A4A0E02428C3133B00B40228 /* DefinitionContent.swift in Sources */ = {isa = PBXBuildFile; fileRef = A4A0E02328C3133B00B40228 /* DefinitionContent.swift */; };
		A4A0E02628C314A900B40228 /* MeaningContent.swift in Sources */ = {isa = PBXBuildFile; fileRef = A4A0E02528C314A900B40228 /* MeaningContent.swift */; };
		A4B79E8E28C267AE00C0A0D3 /* DefinitionCardCollection.swift in Sources */ = {isa = PBXBuildFile; fileRef = A4B79E8B28C267AE00C0A0D3 /* DefinitionCardCollection.swift */; };
		A4B79E8F28C267AE00C0A0D3 /* Definition.swift in Sources */ = {isa = PBXBuildFile; fileRef = A4B79E8C28C267AE00C0A0D3 /* Definition.swift */; };
		A4B79E9028C267AE00C0A0D3 /* DefinitionCard.swift in Sources */ = {isa = PBXBuildFile; fileRef = A4B79E8D28C267AE00C0A0D3 /* DefinitionCard.swift */; };
		A4B79E9228C269AC00C0A0D3 /* DropdownMenu.swift in Sources */ = {isa = PBXBuildFile; fileRef = A4B79E9128C269AC00C0A0D3 /* DropdownMenu.swift */; };
		A4B79E9528C269CF00C0A0D3 /* WordContentNavigation.swift in Sources */ = {isa = PBXBuildFile; fileRef = A4B79E9328C269CF00C0A0D3 /* WordContentNavigation.swift */; };
		A4B79E9628C269CF00C0A0D3 /* WordContentHeader.swift in Sources */ = {isa = PBXBuildFile; fileRef = A4B79E9428C269CF00C0A0D3 /* WordContentHeader.swift */; };
		A4DB226728C2F98A00FA14BA /* Response.swift in Sources */ = {isa = PBXBuildFile; fileRef = A4DB226628C2F98A00FA14BA /* Response.swift */; };
		A4DB226928C2F9B500FA14BA /* GetRequest.swift in Sources */ = {isa = PBXBuildFile; fileRef = A4DB226828C2F9B500FA14BA /* GetRequest.swift */; };
/* End PBXBuildFile section */

/* Begin PBXFileReference section */
		2E7BA14328C9812300B31DE0 /* playSound.swift */ = {isa = PBXFileReference; lastKnownFileType = sourcecode.swift; path = playSound.swift; sourceTree = "<group>"; };
		2E9885DA28C209EC00C73C6E /* WordContentView.swift */ = {isa = PBXFileReference; fileEncoding = 4; lastKnownFileType = sourcecode.swift; path = WordContentView.swift; sourceTree = "<group>"; };
		2E9885E528C20D5800C73C6E /* SearchBar.swift */ = {isa = PBXFileReference; lastKnownFileType = sourcecode.swift; path = SearchBar.swift; sourceTree = "<group>"; };
		2EFB6F1628BF68AB006FD046 /* MainView.swift */ = {isa = PBXFileReference; lastKnownFileType = sourcecode.swift; path = MainView.swift; sourceTree = "<group>"; };
		2EFB6F1928BF6AC5006FD046 /* Header.swift */ = {isa = PBXFileReference; lastKnownFileType = sourcecode.swift; path = Header.swift; sourceTree = "<group>"; };
		2EFB6F1F28BF93BF006FD046 /* Wordrow.swift */ = {isa = PBXFileReference; lastKnownFileType = sourcecode.swift; path = Wordrow.swift; sourceTree = "<group>"; };
		2EFB6F2228BFA9DA006FD046 /* SearchHistory.swift */ = {isa = PBXFileReference; lastKnownFileType = sourcecode.swift; path = SearchHistory.swift; sourceTree = "<group>"; };
		2EFB6F2628BFC017006FD046 /* WordListHistory.swift */ = {isa = PBXFileReference; lastKnownFileType = sourcecode.swift; path = WordListHistory.swift; sourceTree = "<group>"; };
		342C5F9328C9AF4200B6E65E /* InputField.swift */ = {isa = PBXFileReference; lastKnownFileType = sourcecode.swift; path = InputField.swift; sourceTree = "<group>"; };
		342C5F9528C9AFAF00B6E65E /* ActionButton.swift */ = {isa = PBXFileReference; lastKnownFileType = sourcecode.swift; path = ActionButton.swift; sourceTree = "<group>"; };
		342C5F9728C9B2A200B6E65E /* Notification.swift */ = {isa = PBXFileReference; lastKnownFileType = sourcecode.swift; path = Notification.swift; sourceTree = "<group>"; };
		342C5F9928C9BB9100B6E65E /* ButtonModifier.swift */ = {isa = PBXFileReference; lastKnownFileType = sourcecode.swift; path = ButtonModifier.swift; sourceTree = "<group>"; };
		343318A428C235FC0068A820 /* TextBubble.swift */ = {isa = PBXFileReference; lastKnownFileType = sourcecode.swift; path = TextBubble.swift; sourceTree = "<group>"; };
		343318A628C2391D0068A820 /* Padding.swift */ = {isa = PBXFileReference; lastKnownFileType = sourcecode.swift; path = Padding.swift; sourceTree = "<group>"; };
		343318AC28C244590068A820 /* Navigation.swift */ = {isa = PBXFileReference; lastKnownFileType = sourcecode.swift; path = Navigation.swift; sourceTree = "<group>"; };
		343DBE1C28C6044300BB728F /* UserSettingsView.swift */ = {isa = PBXFileReference; lastKnownFileType = sourcecode.swift; path = UserSettingsView.swift; sourceTree = "<group>"; };
		34F62BCE28BF53390052488C /* RegistrationView.swift */ = {isa = PBXFileReference; lastKnownFileType = sourcecode.swift; path = RegistrationView.swift; sourceTree = "<group>"; };
		34F62BD228BF5A990052488C /* TextModifier.swift */ = {isa = PBXFileReference; lastKnownFileType = sourcecode.swift; path = TextModifier.swift; sourceTree = "<group>"; };
		34F62BD428BF5B1D0052488C /* TextFieldModifier.swift */ = {isa = PBXFileReference; lastKnownFileType = sourcecode.swift; path = TextFieldModifier.swift; sourceTree = "<group>"; };
		34F62BDE28C082EC0052488C /* SpaceGrotesk-Regular.ttf */ = {isa = PBXFileReference; lastKnownFileType = file; path = "SpaceGrotesk-Regular.ttf"; sourceTree = "<group>"; };
		34F62BE028C083C70052488C /* SpaceGrotesk-Medium.ttf */ = {isa = PBXFileReference; lastKnownFileType = file; path = "SpaceGrotesk-Medium.ttf"; sourceTree = "<group>"; };
		34F62BE328C0846C0052488C /* Text.swift */ = {isa = PBXFileReference; lastKnownFileType = sourcecode.swift; path = Text.swift; sourceTree = "<group>"; };
		34F62BE528C08AB70052488C /* SpaceGrotesk-SemiBold.ttf */ = {isa = PBXFileReference; lastKnownFileType = file; path = "SpaceGrotesk-SemiBold.ttf"; sourceTree = "<group>"; };
		5F4E2CDC28CF57FD00BBED23 /* dictionary.json */ = {isa = PBXFileReference; fileEncoding = 4; lastKnownFileType = text.json; path = dictionary.json; sourceTree = "<group>"; };
		5F4E2CE428CF59EF00BBED23 /* LottieView.swift */ = {isa = PBXFileReference; lastKnownFileType = sourcecode.swift; path = LottieView.swift; sourceTree = "<group>"; };
		5FBDA4DE28C4C7CE0078B59F /* ViewRouting.swift */ = {isa = PBXFileReference; lastKnownFileType = sourcecode.swift; path = ViewRouting.swift; sourceTree = "<group>"; };
		A464977728BE4A1E004A5070 /* My Dictionary.app */ = {isa = PBXFileReference; explicitFileType = wrapper.application; includeInIndex = 0; path = "My Dictionary.app"; sourceTree = BUILT_PRODUCTS_DIR; };
		A464977A28BE4A1E004A5070 /* My_DictionaryApp.swift */ = {isa = PBXFileReference; lastKnownFileType = sourcecode.swift; path = My_DictionaryApp.swift; sourceTree = "<group>"; };
		A464977E28BE4A21004A5070 /* Assets.xcassets */ = {isa = PBXFileReference; lastKnownFileType = folder.assetcatalog; path = Assets.xcassets; sourceTree = "<group>"; };
		A464978128BE4A21004A5070 /* Preview Assets.xcassets */ = {isa = PBXFileReference; lastKnownFileType = folder.assetcatalog; path = "Preview Assets.xcassets"; sourceTree = "<group>"; };
		A464978B28BE52C7004A5070 /* UserViewModel.swift */ = {isa = PBXFileReference; lastKnownFileType = sourcecode.swift; path = UserViewModel.swift; sourceTree = "<group>"; };
		A464978D28BE52DD004A5070 /* WordViewModel.swift */ = {isa = PBXFileReference; lastKnownFileType = sourcecode.swift; path = WordViewModel.swift; sourceTree = "<group>"; };
		A464978F28BE532C004A5070 /* User.swift */ = {isa = PBXFileReference; lastKnownFileType = sourcecode.swift; path = User.swift; sourceTree = "<group>"; };
		A464979128BE533E004A5070 /* Word.swift */ = {isa = PBXFileReference; lastKnownFileType = sourcecode.swift; path = Word.swift; sourceTree = "<group>"; };
		A46BE05C28C0667200BB542E /* Test.swift */ = {isa = PBXFileReference; lastKnownFileType = sourcecode.swift; path = Test.swift; sourceTree = "<group>"; };
		A479598A28C2150D0058BEF0 /* PostRequest.swift */ = {isa = PBXFileReference; lastKnownFileType = sourcecode.swift; path = PostRequest.swift; sourceTree = "<group>"; };
		A4A0E01F28C30C5F00B40228 /* TodayWord.swift */ = {isa = PBXFileReference; lastKnownFileType = sourcecode.swift; path = TodayWord.swift; sourceTree = "<group>"; };
		A4A0E02328C3133B00B40228 /* DefinitionContent.swift */ = {isa = PBXFileReference; lastKnownFileType = sourcecode.swift; path = DefinitionContent.swift; sourceTree = "<group>"; };
		A4A0E02528C314A900B40228 /* MeaningContent.swift */ = {isa = PBXFileReference; lastKnownFileType = sourcecode.swift; path = MeaningContent.swift; sourceTree = "<group>"; };
		A4B79E8B28C267AE00C0A0D3 /* DefinitionCardCollection.swift */ = {isa = PBXFileReference; fileEncoding = 4; lastKnownFileType = sourcecode.swift; path = DefinitionCardCollection.swift; sourceTree = "<group>"; };
		A4B79E8C28C267AE00C0A0D3 /* Definition.swift */ = {isa = PBXFileReference; fileEncoding = 4; lastKnownFileType = sourcecode.swift; path = Definition.swift; sourceTree = "<group>"; };
		A4B79E8D28C267AE00C0A0D3 /* DefinitionCard.swift */ = {isa = PBXFileReference; fileEncoding = 4; lastKnownFileType = sourcecode.swift; path = DefinitionCard.swift; sourceTree = "<group>"; };
		A4B79E9128C269AC00C0A0D3 /* DropdownMenu.swift */ = {isa = PBXFileReference; fileEncoding = 4; lastKnownFileType = sourcecode.swift; path = DropdownMenu.swift; sourceTree = "<group>"; };
		A4B79E9328C269CF00C0A0D3 /* WordContentNavigation.swift */ = {isa = PBXFileReference; fileEncoding = 4; lastKnownFileType = sourcecode.swift; path = WordContentNavigation.swift; sourceTree = "<group>"; };
		A4B79E9428C269CF00C0A0D3 /* WordContentHeader.swift */ = {isa = PBXFileReference; fileEncoding = 4; lastKnownFileType = sourcecode.swift; path = WordContentHeader.swift; sourceTree = "<group>"; };
		A4DB226628C2F98A00FA14BA /* Response.swift */ = {isa = PBXFileReference; lastKnownFileType = sourcecode.swift; path = Response.swift; sourceTree = "<group>"; };
		A4DB226828C2F9B500FA14BA /* GetRequest.swift */ = {isa = PBXFileReference; lastKnownFileType = sourcecode.swift; path = GetRequest.swift; sourceTree = "<group>"; };
/* End PBXFileReference section */

/* Begin PBXFrameworksBuildPhase section */
		A464977428BE4A1E004A5070 /* Frameworks */ = {
			isa = PBXFrameworksBuildPhase;
			buildActionMask = 2147483647;
			files = (
				5F4E2CE328CF591C00BBED23 /* Lottie in Frameworks */,
			);
			runOnlyForDeploymentPostprocessing = 0;
		};
/* End PBXFrameworksBuildPhase section */

/* Begin PBXGroup section */
		2E38EBA928C1836E00343498 /* SearchHistoryComponents */ = {
			isa = PBXGroup;
			children = (
				2EFB6F1F28BF93BF006FD046 /* Wordrow.swift */,
				2EFB6F2228BFA9DA006FD046 /* SearchHistory.swift */,
			);
			path = SearchHistoryComponents;
			sourceTree = "<group>";
		};
		2E9885DC28C20C0100C73C6E /* WordContentComponent */ = {
			isa = PBXGroup;
			children = (
				A4B79E9428C269CF00C0A0D3 /* WordContentHeader.swift */,
				A4B79E9328C269CF00C0A0D3 /* WordContentNavigation.swift */,
				A4B79E9128C269AC00C0A0D3 /* DropdownMenu.swift */,
				343318AA28C244120068A820 /* DefinitionComponents */,
			);
			path = WordContentComponent;
			sourceTree = "<group>";
		};
		2EFB6F1828BF68E4006FD046 /* Components */ = {
			isa = PBXGroup;
			children = (
				5F4E2CDB28CF57E800BBED23 /* Lottie */,
				342C5F9228C9AF3100B6E65E /* RegisterComponents */,
				343318AB28C244380068A820 /* SharedComponents */,
				2E9885DC28C20C0100C73C6E /* WordContentComponent */,
				2E38EBA928C1836E00343498 /* SearchHistoryComponents */,
				2EFB6F2128BFA9BD006FD046 /* MainViewComponents */,
			);
			path = Components;
			sourceTree = "<group>";
		};
		2EFB6F2128BFA9BD006FD046 /* MainViewComponents */ = {
			isa = PBXGroup;
			children = (
				2EFB6F1928BF6AC5006FD046 /* Header.swift */,
				2E9885E528C20D5800C73C6E /* SearchBar.swift */,
			);
			path = MainViewComponents;
			sourceTree = "<group>";
		};
		342C5F9228C9AF3100B6E65E /* RegisterComponents */ = {
			isa = PBXGroup;
			children = (
				342C5F9528C9AFAF00B6E65E /* ActionButton.swift */,
			);
			path = RegisterComponents;
			sourceTree = "<group>";
		};
		343318AA28C244120068A820 /* DefinitionComponents */ = {
			isa = PBXGroup;
			children = (
				A4B79E8C28C267AE00C0A0D3 /* Definition.swift */,
				A4B79E8B28C267AE00C0A0D3 /* DefinitionCardCollection.swift */,
				A4B79E8D28C267AE00C0A0D3 /* DefinitionCard.swift */,
			);
			path = DefinitionComponents;
			sourceTree = "<group>";
		};
		343318AB28C244380068A820 /* SharedComponents */ = {
			isa = PBXGroup;
			children = (
				342C5F9328C9AF4200B6E65E /* InputField.swift */,
				343318AC28C244590068A820 /* Navigation.swift */,
				343318A428C235FC0068A820 /* TextBubble.swift */,
				342C5F9728C9B2A200B6E65E /* Notification.swift */,
			);
			path = SharedComponents;
			sourceTree = "<group>";
		};
		34F62BD028BF5A740052488C /* Modifiers */ = {
			isa = PBXGroup;
			children = (
				34F62BE228C0845C0052488C /* Extension */,
				34F62BD228BF5A990052488C /* TextModifier.swift */,
				34F62BD428BF5B1D0052488C /* TextFieldModifier.swift */,
				343318A628C2391D0068A820 /* Padding.swift */,
				342C5F9928C9BB9100B6E65E /* ButtonModifier.swift */,
			);
			path = Modifiers;
			sourceTree = "<group>";
		};
		34F62BD628C07BBA0052488C /* Font */ = {
			isa = PBXGroup;
			children = (
				34F62BDE28C082EC0052488C /* SpaceGrotesk-Regular.ttf */,
				34F62BE528C08AB70052488C /* SpaceGrotesk-SemiBold.ttf */,
				34F62BE028C083C70052488C /* SpaceGrotesk-Medium.ttf */,
			);
			path = Font;
			sourceTree = "<group>";
		};
		34F62BE228C0845C0052488C /* Extension */ = {
			isa = PBXGroup;
			children = (
				34F62BE328C0846C0052488C /* Text.swift */,
			);
			path = Extension;
			sourceTree = "<group>";
		};
		5F4E2CDB28CF57E800BBED23 /* Lottie */ = {
			isa = PBXGroup;
			children = (
				5F4E2CDC28CF57FD00BBED23 /* dictionary.json */,
				5F4E2CE428CF59EF00BBED23 /* LottieView.swift */,
			);
			path = Lottie;
			sourceTree = "<group>";
		};
		5FBDA4DD28C4C7B70078B59F /* Routing */ = {
			isa = PBXGroup;
			children = (
				5FBDA4DE28C4C7CE0078B59F /* ViewRouting.swift */,
			);
			path = Routing;
			sourceTree = "<group>";
		};
		A464976E28BE4A1E004A5070 = {
			isa = PBXGroup;
			children = (
				A464977928BE4A1E004A5070 /* My Dictionary */,
				A464977828BE4A1E004A5070 /* Products */,
			);
			sourceTree = "<group>";
		};
		A464977828BE4A1E004A5070 /* Products */ = {
			isa = PBXGroup;
			children = (
				A464977728BE4A1E004A5070 /* My Dictionary.app */,
			);
			name = Products;
			sourceTree = "<group>";
		};
		A464977928BE4A1E004A5070 /* My Dictionary */ = {
			isa = PBXGroup;
			children = (
				5FBDA4DD28C4C7B70078B59F /* Routing */,
				A479598928C214FF0058BEF0 /* Helper */,
				34F62BD628C07BBA0052488C /* Font */,
				2EFB6F1828BF68E4006FD046 /* Components */,
				34F62BD028BF5A740052488C /* Modifiers */,
				A464978A28BE4B07004A5070 /* View */,
				A464978928BE4B02004A5070 /* Model */,
				A464978828BE4AF0004A5070 /* ViewModel */,
				A464977A28BE4A1E004A5070 /* My_DictionaryApp.swift */,
				A464977E28BE4A21004A5070 /* Assets.xcassets */,
				A464978028BE4A21004A5070 /* Preview Content */,
			);
			path = "My Dictionary";
			sourceTree = "<group>";
		};
		A464978028BE4A21004A5070 /* Preview Content */ = {
			isa = PBXGroup;
			children = (
				A464978128BE4A21004A5070 /* Preview Assets.xcassets */,
			);
			path = "Preview Content";
			sourceTree = "<group>";
		};
		A464978828BE4AF0004A5070 /* ViewModel */ = {
			isa = PBXGroup;
			children = (
				A464978B28BE52C7004A5070 /* UserViewModel.swift */,
				A464978D28BE52DD004A5070 /* WordViewModel.swift */,
				A46BE05C28C0667200BB542E /* Test.swift */,
			);
			path = ViewModel;
			sourceTree = "<group>";
		};
		A464978928BE4B02004A5070 /* Model */ = {
			isa = PBXGroup;
			children = (
				A464978F28BE532C004A5070 /* User.swift */,
				A464979128BE533E004A5070 /* Word.swift */,
				A4DB226628C2F98A00FA14BA /* Response.swift */,
				A4A0E01F28C30C5F00B40228 /* TodayWord.swift */,
				A4A0E02328C3133B00B40228 /* DefinitionContent.swift */,
				A4A0E02528C314A900B40228 /* MeaningContent.swift */,
			);
			path = Model;
			sourceTree = "<group>";
		};
		A464978A28BE4B07004A5070 /* View */ = {
			isa = PBXGroup;
			children = (
				2E9885DA28C209EC00C73C6E /* WordContentView.swift */,
				34F62BCE28BF53390052488C /* RegistrationView.swift */,
				2EFB6F1628BF68AB006FD046 /* MainView.swift */,
				2EFB6F2628BFC017006FD046 /* WordListHistory.swift */,
				343DBE1C28C6044300BB728F /* UserSettingsView.swift */,
			);
			path = View;
			sourceTree = "<group>";
		};
		A479598928C214FF0058BEF0 /* Helper */ = {
			isa = PBXGroup;
			children = (
				A479598A28C2150D0058BEF0 /* PostRequest.swift */,
				A4DB226828C2F9B500FA14BA /* GetRequest.swift */,
				2E7BA14328C9812300B31DE0 /* playSound.swift */,
			);
			path = Helper;
			sourceTree = "<group>";
		};
/* End PBXGroup section */

/* Begin PBXNativeTarget section */
		A464977628BE4A1E004A5070 /* My Dictionary */ = {
			isa = PBXNativeTarget;
			buildConfigurationList = A464978528BE4A21004A5070 /* Build configuration list for PBXNativeTarget "My Dictionary" */;
			buildPhases = (
				A464977328BE4A1E004A5070 /* Sources */,
				A464977428BE4A1E004A5070 /* Frameworks */,
				A464977528BE4A1E004A5070 /* Resources */,
			);
			buildRules = (
			);
			dependencies = (
			);
			name = "My Dictionary";
			packageProductDependencies = (
				5F4E2CE228CF591C00BBED23 /* Lottie */,
			);
			productName = "My Dictionary";
			productReference = A464977728BE4A1E004A5070 /* My Dictionary.app */;
			productType = "com.apple.product-type.application";
		};
/* End PBXNativeTarget section */

/* Begin PBXProject section */
		A464976F28BE4A1E004A5070 /* Project object */ = {
			isa = PBXProject;
			attributes = {
				BuildIndependentTargetsInParallel = 1;
				LastSwiftUpdateCheck = 1340;
				LastUpgradeCheck = 1340;
				TargetAttributes = {
					A464977628BE4A1E004A5070 = {
						CreatedOnToolsVersion = 13.4.1;
					};
				};
			};
			buildConfigurationList = A464977228BE4A1E004A5070 /* Build configuration list for PBXProject "My Dictionary" */;
			compatibilityVersion = "Xcode 13.0";
			developmentRegion = en;
			hasScannedForEncodings = 0;
			knownRegions = (
				en,
				Base,
			);
			mainGroup = A464976E28BE4A1E004A5070;
			packageReferences = (
				5F4E2CE128CF591C00BBED23 /* XCRemoteSwiftPackageReference "lottie-ios" */,
			);
			productRefGroup = A464977828BE4A1E004A5070 /* Products */;
			projectDirPath = "";
			projectRoot = "";
			targets = (
				A464977628BE4A1E004A5070 /* My Dictionary */,
			);
		};
/* End PBXProject section */

/* Begin PBXResourcesBuildPhase section */
		A464977528BE4A1E004A5070 /* Resources */ = {
			isa = PBXResourcesBuildPhase;
			buildActionMask = 2147483647;
			files = (
				34F62BE628C08AB70052488C /* SpaceGrotesk-SemiBold.ttf in Resources */,
				5F4E2CDD28CF57FD00BBED23 /* dictionary.json in Resources */,
				34F62BE128C083C70052488C /* SpaceGrotesk-Medium.ttf in Resources */,
				A464978228BE4A21004A5070 /* Preview Assets.xcassets in Resources */,
				A464977F28BE4A21004A5070 /* Assets.xcassets in Resources */,
				34F62BDF28C082EC0052488C /* SpaceGrotesk-Regular.ttf in Resources */,
			);
			runOnlyForDeploymentPostprocessing = 0;
		};
/* End PBXResourcesBuildPhase section */

/* Begin PBXSourcesBuildPhase section */
		A464977328BE4A1E004A5070 /* Sources */ = {
			isa = PBXSourcesBuildPhase;
			buildActionMask = 2147483647;
			files = (
				A4B79E8F28C267AE00C0A0D3 /* Definition.swift in Sources */,
				A464978C28BE52C7004A5070 /* UserViewModel.swift in Sources */,
				2EFB6F2028BF93BF006FD046 /* Wordrow.swift in Sources */,
				34F62BE428C0846C0052488C /* Text.swift in Sources */,
				342C5F9628C9AFAF00B6E65E /* ActionButton.swift in Sources */,
				2E9885DB28C209EC00C73C6E /* WordContentView.swift in Sources */,
				A46BE05D28C0667200BB542E /* Test.swift in Sources */,
				5F4E2CE528CF59EF00BBED23 /* LottieView.swift in Sources */,
				A4B79E9228C269AC00C0A0D3 /* DropdownMenu.swift in Sources */,
				34F62BD328BF5A990052488C /* TextModifier.swift in Sources */,
				2EFB6F1A28BF6AC5006FD046 /* Header.swift in Sources */,
				2EFB6F1728BF68AB006FD046 /* MainView.swift in Sources */,
				A464978E28BE52DD004A5070 /* WordViewModel.swift in Sources */,
				A479598B28C2150D0058BEF0 /* PostRequest.swift in Sources */,
				2E7BA14428C9812300B31DE0 /* playSound.swift in Sources */,
				34F62BCF28BF53390052488C /* RegistrationView.swift in Sources */,
				A4B79E9628C269CF00C0A0D3 /* WordContentHeader.swift in Sources */,
				2E9885E628C20D5800C73C6E /* SearchBar.swift in Sources */,
				2EFB6F2728BFC017006FD046 /* WordListHistory.swift in Sources */,
				A464979028BE532C004A5070 /* User.swift in Sources */,
				342C5F9828C9B2A200B6E65E /* Notification.swift in Sources */,
				342C5F9428C9AF4200B6E65E /* InputField.swift in Sources */,
				343DBE1D28C6044300BB728F /* UserSettingsView.swift in Sources */,
				343318A728C2391D0068A820 /* Padding.swift in Sources */,
				A4DB226728C2F98A00FA14BA /* Response.swift in Sources */,
				343318A528C235FC0068A820 /* TextBubble.swift in Sources */,
				343318AD28C244590068A820 /* Navigation.swift in Sources */,
				A4A0E02428C3133B00B40228 /* DefinitionContent.swift in Sources */,
				A4A0E02028C30C5F00B40228 /* TodayWord.swift in Sources */,
				2EFB6F2328BFA9DA006FD046 /* SearchHistory.swift in Sources */,
				A4A0E02628C314A900B40228 /* MeaningContent.swift in Sources */,
				A4B79E8E28C267AE00C0A0D3 /* DefinitionCardCollection.swift in Sources */,
				A4B79E9528C269CF00C0A0D3 /* WordContentNavigation.swift in Sources */,
				34F62BD528BF5B1D0052488C /* TextFieldModifier.swift in Sources */,
				342C5F9A28C9BB9100B6E65E /* ButtonModifier.swift in Sources */,
				5FBDA4DF28C4C7CE0078B59F /* ViewRouting.swift in Sources */,
				A4DB226928C2F9B500FA14BA /* GetRequest.swift in Sources */,
				A464977B28BE4A1E004A5070 /* My_DictionaryApp.swift in Sources */,
				A4B79E9028C267AE00C0A0D3 /* DefinitionCard.swift in Sources */,
				A464979228BE533E004A5070 /* Word.swift in Sources */,
			);
			runOnlyForDeploymentPostprocessing = 0;
		};
/* End PBXSourcesBuildPhase section */

/* Begin XCBuildConfiguration section */
		A464978328BE4A21004A5070 /* Debug */ = {
			isa = XCBuildConfiguration;
			buildSettings = {
				ALWAYS_SEARCH_USER_PATHS = NO;
				CLANG_ANALYZER_NONNULL = YES;
				CLANG_ANALYZER_NUMBER_OBJECT_CONVERSION = YES_AGGRESSIVE;
				CLANG_CXX_LANGUAGE_STANDARD = "gnu++17";
				CLANG_ENABLE_MODULES = YES;
				CLANG_ENABLE_OBJC_ARC = YES;
				CLANG_ENABLE_OBJC_WEAK = YES;
				CLANG_WARN_BLOCK_CAPTURE_AUTORELEASING = YES;
				CLANG_WARN_BOOL_CONVERSION = YES;
				CLANG_WARN_COMMA = YES;
				CLANG_WARN_CONSTANT_CONVERSION = YES;
				CLANG_WARN_DEPRECATED_OBJC_IMPLEMENTATIONS = YES;
				CLANG_WARN_DIRECT_OBJC_ISA_USAGE = YES_ERROR;
				CLANG_WARN_DOCUMENTATION_COMMENTS = YES;
				CLANG_WARN_EMPTY_BODY = YES;
				CLANG_WARN_ENUM_CONVERSION = YES;
				CLANG_WARN_INFINITE_RECURSION = YES;
				CLANG_WARN_INT_CONVERSION = YES;
				CLANG_WARN_NON_LITERAL_NULL_CONVERSION = YES;
				CLANG_WARN_OBJC_IMPLICIT_RETAIN_SELF = YES;
				CLANG_WARN_OBJC_LITERAL_CONVERSION = YES;
				CLANG_WARN_OBJC_ROOT_CLASS = YES_ERROR;
				CLANG_WARN_QUOTED_INCLUDE_IN_FRAMEWORK_HEADER = YES;
				CLANG_WARN_RANGE_LOOP_ANALYSIS = YES;
				CLANG_WARN_STRICT_PROTOTYPES = YES;
				CLANG_WARN_SUSPICIOUS_MOVE = YES;
				CLANG_WARN_UNGUARDED_AVAILABILITY = YES_AGGRESSIVE;
				CLANG_WARN_UNREACHABLE_CODE = YES;
				CLANG_WARN__DUPLICATE_METHOD_MATCH = YES;
				COPY_PHASE_STRIP = NO;
				DEBUG_INFORMATION_FORMAT = dwarf;
				ENABLE_STRICT_OBJC_MSGSEND = YES;
				ENABLE_TESTABILITY = YES;
				GCC_C_LANGUAGE_STANDARD = gnu11;
				GCC_DYNAMIC_NO_PIC = NO;
				GCC_NO_COMMON_BLOCKS = YES;
				GCC_OPTIMIZATION_LEVEL = 0;
				GCC_PREPROCESSOR_DEFINITIONS = (
					"DEBUG=1",
					"$(inherited)",
				);
				GCC_WARN_64_TO_32_BIT_CONVERSION = YES;
				GCC_WARN_ABOUT_RETURN_TYPE = YES_ERROR;
				GCC_WARN_UNDECLARED_SELECTOR = YES;
				GCC_WARN_UNINITIALIZED_AUTOS = YES_AGGRESSIVE;
				GCC_WARN_UNUSED_FUNCTION = YES;
				GCC_WARN_UNUSED_VARIABLE = YES;
				IPHONEOS_DEPLOYMENT_TARGET = 15.4;
				MTL_ENABLE_DEBUG_INFO = INCLUDE_SOURCE;
				MTL_FAST_MATH = YES;
				ONLY_ACTIVE_ARCH = YES;
				SDKROOT = iphoneos;
				SWIFT_ACTIVE_COMPILATION_CONDITIONS = DEBUG;
				SWIFT_OPTIMIZATION_LEVEL = "-Onone";
			};
			name = Debug;
		};
		A464978428BE4A21004A5070 /* Release */ = {
			isa = XCBuildConfiguration;
			buildSettings = {
				ALWAYS_SEARCH_USER_PATHS = NO;
				CLANG_ANALYZER_NONNULL = YES;
				CLANG_ANALYZER_NUMBER_OBJECT_CONVERSION = YES_AGGRESSIVE;
				CLANG_CXX_LANGUAGE_STANDARD = "gnu++17";
				CLANG_ENABLE_MODULES = YES;
				CLANG_ENABLE_OBJC_ARC = YES;
				CLANG_ENABLE_OBJC_WEAK = YES;
				CLANG_WARN_BLOCK_CAPTURE_AUTORELEASING = YES;
				CLANG_WARN_BOOL_CONVERSION = YES;
				CLANG_WARN_COMMA = YES;
				CLANG_WARN_CONSTANT_CONVERSION = YES;
				CLANG_WARN_DEPRECATED_OBJC_IMPLEMENTATIONS = YES;
				CLANG_WARN_DIRECT_OBJC_ISA_USAGE = YES_ERROR;
				CLANG_WARN_DOCUMENTATION_COMMENTS = YES;
				CLANG_WARN_EMPTY_BODY = YES;
				CLANG_WARN_ENUM_CONVERSION = YES;
				CLANG_WARN_INFINITE_RECURSION = YES;
				CLANG_WARN_INT_CONVERSION = YES;
				CLANG_WARN_NON_LITERAL_NULL_CONVERSION = YES;
				CLANG_WARN_OBJC_IMPLICIT_RETAIN_SELF = YES;
				CLANG_WARN_OBJC_LITERAL_CONVERSION = YES;
				CLANG_WARN_OBJC_ROOT_CLASS = YES_ERROR;
				CLANG_WARN_QUOTED_INCLUDE_IN_FRAMEWORK_HEADER = YES;
				CLANG_WARN_RANGE_LOOP_ANALYSIS = YES;
				CLANG_WARN_STRICT_PROTOTYPES = YES;
				CLANG_WARN_SUSPICIOUS_MOVE = YES;
				CLANG_WARN_UNGUARDED_AVAILABILITY = YES_AGGRESSIVE;
				CLANG_WARN_UNREACHABLE_CODE = YES;
				CLANG_WARN__DUPLICATE_METHOD_MATCH = YES;
				COPY_PHASE_STRIP = NO;
				DEBUG_INFORMATION_FORMAT = "dwarf-with-dsym";
				ENABLE_NS_ASSERTIONS = NO;
				ENABLE_STRICT_OBJC_MSGSEND = YES;
				GCC_C_LANGUAGE_STANDARD = gnu11;
				GCC_NO_COMMON_BLOCKS = YES;
				GCC_WARN_64_TO_32_BIT_CONVERSION = YES;
				GCC_WARN_ABOUT_RETURN_TYPE = YES_ERROR;
				GCC_WARN_UNDECLARED_SELECTOR = YES;
				GCC_WARN_UNINITIALIZED_AUTOS = YES_AGGRESSIVE;
				GCC_WARN_UNUSED_FUNCTION = YES;
				GCC_WARN_UNUSED_VARIABLE = YES;
				IPHONEOS_DEPLOYMENT_TARGET = 15.4;
				MTL_ENABLE_DEBUG_INFO = NO;
				MTL_FAST_MATH = YES;
				SDKROOT = iphoneos;
				SWIFT_COMPILATION_MODE = wholemodule;
				SWIFT_OPTIMIZATION_LEVEL = "-O";
				VALIDATE_PRODUCT = YES;
			};
			name = Release;
		};
		A464978628BE4A21004A5070 /* Debug */ = {
			isa = XCBuildConfiguration;
			buildSettings = {
				ASSETCATALOG_COMPILER_APPICON_NAME = AppIcon;
				ASSETCATALOG_COMPILER_GLOBAL_ACCENT_COLOR_NAME = AccentColor;
				CODE_SIGN_STYLE = Automatic;
				CURRENT_PROJECT_VERSION = 1;
				DEVELOPMENT_ASSET_PATHS = "\"My Dictionary/Preview Content\"";
				DEVELOPMENT_TEAM = 4AQLK4VT6N;
				ENABLE_PREVIEWS = YES;
				GENERATE_INFOPLIST_FILE = YES;
				INFOPLIST_FILE = "My-Dictionary-Info.plist";
				INFOPLIST_KEY_LSApplicationCategoryType = "";
				INFOPLIST_KEY_UIApplicationSceneManifest_Generation = YES;
				INFOPLIST_KEY_UIApplicationSupportsIndirectInputEvents = YES;
				INFOPLIST_KEY_UILaunchScreen_Generation = YES;
				INFOPLIST_KEY_UISupportedInterfaceOrientations_iPad = "UIInterfaceOrientationPortrait UIInterfaceOrientationPortraitUpsideDown UIInterfaceOrientationPortrait UIInterfaceOrientationPortrait";
				INFOPLIST_KEY_UISupportedInterfaceOrientations_iPhone = "UIInterfaceOrientationPortrait UIInterfaceOrientationPortrait UIInterfaceOrientationPortrait";
				LD_RUNPATH_SEARCH_PATHS = (
					"$(inherited)",
					"@executable_path/Frameworks",
				);
				MARKETING_VERSION = 1.0;
				PRODUCT_BUNDLE_IDENTIFIER = com.khatun.myDictionary1;
				PRODUCT_NAME = "$(TARGET_NAME)";
				SWIFT_EMIT_LOC_STRINGS = YES;
				SWIFT_VERSION = 5.0;
				TARGETED_DEVICE_FAMILY = "1,2";
			};
			name = Debug;
		};
		A464978728BE4A21004A5070 /* Release */ = {
			isa = XCBuildConfiguration;
			buildSettings = {
				ASSETCATALOG_COMPILER_APPICON_NAME = AppIcon;
				ASSETCATALOG_COMPILER_GLOBAL_ACCENT_COLOR_NAME = AccentColor;
				CODE_SIGN_STYLE = Automatic;
				CURRENT_PROJECT_VERSION = 1;
				DEVELOPMENT_ASSET_PATHS = "\"My Dictionary/Preview Content\"";
				DEVELOPMENT_TEAM = 4AQLK4VT6N;
				ENABLE_PREVIEWS = YES;
				GENERATE_INFOPLIST_FILE = YES;
				INFOPLIST_FILE = "My-Dictionary-Info.plist";
				INFOPLIST_KEY_LSApplicationCategoryType = "";
				INFOPLIST_KEY_UIApplicationSceneManifest_Generation = YES;
				INFOPLIST_KEY_UIApplicationSupportsIndirectInputEvents = YES;
				INFOPLIST_KEY_UILaunchScreen_Generation = YES;
				INFOPLIST_KEY_UISupportedInterfaceOrientations_iPad = "UIInterfaceOrientationPortrait UIInterfaceOrientationPortraitUpsideDown UIInterfaceOrientationPortrait UIInterfaceOrientationPortrait";
				INFOPLIST_KEY_UISupportedInterfaceOrientations_iPhone = "UIInterfaceOrientationPortrait UIInterfaceOrientationPortrait UIInterfaceOrientationPortrait";
				LD_RUNPATH_SEARCH_PATHS = (
					"$(inherited)",
					"@executable_path/Frameworks",
				);
				MARKETING_VERSION = 1.0;
				PRODUCT_BUNDLE_IDENTIFIER = com.khatun.myDictionary1;
				PRODUCT_NAME = "$(TARGET_NAME)";
				SWIFT_EMIT_LOC_STRINGS = YES;
				SWIFT_VERSION = 5.0;
				TARGETED_DEVICE_FAMILY = "1,2";
			};
			name = Release;
		};
/* End XCBuildConfiguration section */

/* Begin XCConfigurationList section */
		A464977228BE4A1E004A5070 /* Build configuration list for PBXProject "My Dictionary" */ = {
			isa = XCConfigurationList;
			buildConfigurations = (
				A464978328BE4A21004A5070 /* Debug */,
				A464978428BE4A21004A5070 /* Release */,
			);
			defaultConfigurationIsVisible = 0;
			defaultConfigurationName = Release;
		};
		A464978528BE4A21004A5070 /* Build configuration list for PBXNativeTarget "My Dictionary" */ = {
			isa = XCConfigurationList;
			buildConfigurations = (
				A464978628BE4A21004A5070 /* Debug */,
				A464978728BE4A21004A5070 /* Release */,
			);
			defaultConfigurationIsVisible = 0;
			defaultConfigurationName = Release;
		};
/* End XCConfigurationList section */

/* Begin XCRemoteSwiftPackageReference section */
		5F4E2CE128CF591C00BBED23 /* XCRemoteSwiftPackageReference "lottie-ios" */ = {
			isa = XCRemoteSwiftPackageReference;
			repositoryURL = "https://github.com/airbnb/lottie-ios";
			requirement = {
				branch = master;
				kind = branch;
			};
		};
/* End XCRemoteSwiftPackageReference section */

/* Begin XCSwiftPackageProductDependency section */
		5F4E2CE228CF591C00BBED23 /* Lottie */ = {
			isa = XCSwiftPackageProductDependency;
			package = 5F4E2CE128CF591C00BBED23 /* XCRemoteSwiftPackageReference "lottie-ios" */;
			productName = Lottie;
		};
/* End XCSwiftPackageProductDependency section */
	};
	rootObject = A464976F28BE4A1E004A5070 /* Project object */;
}
